# This file is autogenerated, do not edit; changes may be undone by the next 'dep ensure'.


[[projects]]
  name = "github.com/cespare/xxhash"
  packages = ["."]
  revision = "5c37fe3735342a2e0d01c87a907579987c8936cc"
  version = "v1.0.0"

[[projects]]
  name = "github.com/davecgh/go-spew"
  packages = ["spew"]
  revision = "6d212800a42e8ab5c146b8ace3490ee17e5225f9"

[[projects]]
  branch = "master"
  name = "github.com/fatih/camelcase"
  packages = ["."]
  revision = "f6a740d52f961c60348ebb109adde9f4635d7540"

[[projects]]
  name = "github.com/garyburd/redigo"
  packages = ["internal","redis"]
  revision = "433969511232c397de61b1442f9fd49ec06ae9ba"
  version = "v1.1.0"

[[projects]]
  name = "github.com/gocql/gocql"
  packages = [".","internal/lru","internal/murmur","internal/streams"]
  revision = "066e974c166d59aa2d3aee45b234d8c21c631180"

[[projects]]
  name = "github.com/gogo/protobuf"
  packages = ["gogoproto","proto","protoc-gen-gogo/descriptor","protoc-gen-gogo/generator","protoc-gen-gogo/plugin","sortkeys","types"]
  revision = "100ba4e885062801d56799d78530b73b178a78f3"
  version = "v0.4"

[[projects]]
  name = "github.com/golang/protobuf"
  packages = ["proto"]
  revision = "ab9f9a6dab164b7d1246e0e688b0ab7b94d8553e"

[[projects]]
  branch = "master"
  name = "github.com/golang/snappy"
  packages = ["."]
  revision = "553a641470496b2327abcac10b36396bd98e45c9"

[[projects]]
  branch = "master"
  name = "github.com/hailocab/go-hostpool"
  packages = ["."]
  revision = "e80d13ce29ede4452c43dea11e79b9bc8a15b478"

[[projects]]
  branch = "master"
  name = "github.com/kardianos/osext"
  packages = ["."]
  revision = "ae77be60afb1dcacde03767a8c37337fad28ac14"

[[projects]]
  name = "github.com/pkg/errors"
  packages = ["."]
  revision = "645ef00459ed84a119197bfb8d8205042c6df63d"
  version = "v0.8.0"

[[projects]]
  name = "github.com/pmezard/go-difflib"
  packages = ["difflib"]
  revision = "d8ed2627bdf02c080bf22230dbb337003b7aba2d"

[[projects]]
  branch = "master"
  name = "github.com/rainycape/memcache"
  packages = ["."]
  revision = "1031fa0ce2f20c1c0e1e1b51951d8ea02c84fa05"

[[projects]]
  name = "github.com/stretchr/testify"
  packages = ["assert"]
  revision = "69483b4bd14f5845b5a1e55bca19e954e827f1d0"
  version = "v1.1.4"

[[projects]]
  name = "github.com/teh-cmc/gools"
  packages = ["tagcleaner"]
  revision = "2598bd6ce343bf9e92afb95fa8a0979c3fc03eea"

[[projects]]
  name = "go.uber.org/atomic"
  packages = ["."]
  revision = "4e336646b2ef9fc6e47be8e21594178f98e5ebcf"
  version = "v1.2.0"

[[projects]]
  name = "go.uber.org/multierr"
  packages = ["."]
  revision = "3c4937480c32f4c13a875a1829af76c98ca3d40a"
  version = "v1.1.0"

[[projects]]
  name = "go.uber.org/zap"
  packages = [".","buffer","internal/bufferpool","internal/color","internal/exit","zapcore"]
  revision = "3216c4c73e8ebbafff73c456dd27143f4a7c1f94"
  version = "v1.6.0"

[[projects]]
  name = "golang.org/x/arch"
  packages = ["arm/armasm","ppc64/ppc64asm","x86/x86asm"]
  revision = "893b1271f1c79eb661bf3cbe4416fb866d42ed39"

[[projects]]
  name = "gopkg.in/inf.v0"
  packages = ["."]
  revision = "3887ee99ecf07df5b447e9b00d9c0b2adaa9f3e4"
  version = "v0.9.0"

[solve-meta]
  analyzer-name = "dep"
  analyzer-version = 1
  inputs-digest = "2dbc50b3a613965f377fcdb81cc7acdcb73f6e18415755d4493ac7c989fbdccc"
  solver-name = "gps-cdcl"
  solver-version = 1
